
Microsoft Visual Studio Solution File, Format Version 12.00
# Visual Studio Version 17
VisualStudioVersion = 17.9.34728.123
MinimumVisualStudioVersion = 10.0.40219.1
Project("{FAE04EC0-301F-11D3-BF4B-00C04F79EFBC}") = "Sql_Interactor", "Sql_Interactor.csproj", "{97D1831C-F41C-48AA-921D-EC721F8E5F99}"
EndProject
Global
	GlobalSection(SolutionConfigurationPlatforms) = preSolution
		Debug|Any CPU = Debug|Any CPU
		Release|Any CPU = Release|Any CPU
	EndGlobalSection
	GlobalSection(ProjectConfigurationPlatforms) = postSolution
		{97D1831C-F41C-48AA-921D-EC721F8E5F99}.Debug|Any CPU.ActiveCfg = Debug|Any CPU
		{97D1831C-F41C-48AA-921D-EC721F8E5F99}.Debug|Any CPU.Build.0 = Debug|Any CPU
		{97D1831C-F41C-48AA-921D-EC721F8E5F99}.Release|Any CPU.ActiveCfg = Release|Any CPU
		{97D1831C-F41C-48AA-921D-EC721F8E5F99}.Release|Any CPU.Build.0 = Release|Any CPU
	EndGlobalSection
	GlobalSection(SolutionProperties) = preSolution
		HideSolutionNode = FALSE
	EndGlobalSection
	GlobalSection(ExtensibilityGlobals) = postSolution
		SolutionGuid = {4DE8C0F2-02CB-4FE8-A01B-E3392D7E0556}
	EndGlobalSection
EndGlobal
